{
  "lockfile_version": "1",
  "packages": {
    "libiconv@latest": {
      "last_modified": "2023-05-25T03:54:59Z",
      "resolved": "github:NixOS/nixpkgs/8d4d822bc0efa9de6eddc79cb0d82897a9baa750#libiconv",
      "version": "2.37"
    },
    "rustup@latest": {
      "last_modified": "2023-05-25T03:54:59Z",
      "plugin_version": "0.0.1",
      "resolved": "github:NixOS/nixpkgs/8d4d822bc0efa9de6eddc79cb0d82897a9baa750#rustup",
      "version": "1.26.0"
    }
  }
}